// !$*UTF8*$!
{
	archiveVersion = 1;
	classes = {
	};
	objectVersion = 56;
	objects = {

/* Begin PBXBuildFile section */
		4A6D424B2B749775009D8DB9 /* Cores.docc in Sources */ = {isa = PBXBuildFile; fileRef = 4A6D424A2B749775009D8DB9 /* Cores.docc */; };
		4A6D424C2B749775009D8DB9 /* Cores.h in Headers */ = {isa = PBXBuildFile; fileRef = 4A6D42492B749775009D8DB9 /* Cores.h */; settings = {ATTRIBUTES = (Public, ); }; };
		4A6D42772B749849009D8DB9 /* BaseViewController.swift in Sources */ = {isa = PBXBuildFile; fileRef = 4A6D42532B749849009D8DB9 /* BaseViewController.swift */; };
		4A6D42782B749849009D8DB9 /* BaseViewModel.swift in Sources */ = {isa = PBXBuildFile; fileRef = 4A6D42542B749849009D8DB9 /* BaseViewModel.swift */; };
		4A6D42792B749849009D8DB9 /* BaseService.swift in Sources */ = {isa = PBXBuildFile; fileRef = 4A6D42552B749849009D8DB9 /* BaseService.swift */; };
		4A6D427A2B749849009D8DB9 /* LoanRepository.swift in Sources */ = {isa = PBXBuildFile; fileRef = 4A6D42582B749849009D8DB9 /* LoanRepository.swift */; };
		4A6D427B2B749849009D8DB9 /* LoanData.swift in Sources */ = {isa = PBXBuildFile; fileRef = 4A6D425B2B749849009D8DB9 /* LoanData.swift */; };
		4A6D427C2B749849009D8DB9 /* LoanService.swift in Sources */ = {isa = PBXBuildFile; fileRef = 4A6D425C2B749849009D8DB9 /* LoanService.swift */; };
		4A6D427D2B749849009D8DB9 /* HomeInteractor.swift in Sources */ = {isa = PBXBuildFile; fileRef = 4A6D425F2B749849009D8DB9 /* HomeInteractor.swift */; };
		4A6D427E2B749849009D8DB9 /* ChipItem.swift in Sources */ = {isa = PBXBuildFile; fileRef = 4A6D42612B749849009D8DB9 /* ChipItem.swift */; };
		4A6D427F2B749849009D8DB9 /* Loan.swift in Sources */ = {isa = PBXBuildFile; fileRef = 4A6D42622B749849009D8DB9 /* Loan.swift */; };
		4A6D42802B749849009D8DB9 /* FontEnum.swift in Sources */ = {isa = PBXBuildFile; fileRef = 4A6D42642B749849009D8DB9 /* FontEnum.swift */; };
		4A6D42812B749849009D8DB9 /* IntTypeEnum.swift in Sources */ = {isa = PBXBuildFile; fileRef = 4A6D42652B749849009D8DB9 /* IntTypeEnum.swift */; };
		4A6D42822B749849009D8DB9 /* ColorEnum.swift in Sources */ = {isa = PBXBuildFile; fileRef = 4A6D42662B749849009D8DB9 /* ColorEnum.swift */; };
		4A6D42832B749849009D8DB9 /* APIEndpointEnum.swift in Sources */ = {isa = PBXBuildFile; fileRef = 4A6D42672B749849009D8DB9 /* APIEndpointEnum.swift */; };
		4A6D42842B749849009D8DB9 /* WordingEnum.swift in Sources */ = {isa = PBXBuildFile; fileRef = 4A6D42682B749849009D8DB9 /* WordingEnum.swift */; };
		4A6D42852B749849009D8DB9 /* Logger.swift in Sources */ = {isa = PBXBuildFile; fileRef = 4A6D426A2B749849009D8DB9 /* Logger.swift */; };
		4A6D42862B749849009D8DB9 /* Extension+Double.swift in Sources */ = {isa = PBXBuildFile; fileRef = 4A6D426C2B749849009D8DB9 /* Extension+Double.swift */; };
		4A6D42872B749849009D8DB9 /* Extension+Int.swift in Sources */ = {isa = PBXBuildFile; fileRef = 4A6D426D2B749849009D8DB9 /* Extension+Int.swift */; };
		4A6D42882B749849009D8DB9 /* BuildIdentifier.swift in Sources */ = {isa = PBXBuildFile; fileRef = 4A6D426E2B749849009D8DB9 /* BuildIdentifier.swift */; };
		4A6D42892B749849009D8DB9 /* Number.swift in Sources */ = {isa = PBXBuildFile; fileRef = 4A6D42702B749849009D8DB9 /* Number.swift */; };
		4A6D428A2B749849009D8DB9 /* DateTime.swift in Sources */ = {isa = PBXBuildFile; fileRef = 4A6D42712B749849009D8DB9 /* DateTime.swift */; };
		4A6D428B2B749849009D8DB9 /* RouterProtocol.swift in Sources */ = {isa = PBXBuildFile; fileRef = 4A6D42732B749849009D8DB9 /* RouterProtocol.swift */; };
		4A6D428C2B749849009D8DB9 /* Route.swift in Sources */ = {isa = PBXBuildFile; fileRef = 4A6D42742B749849009D8DB9 /* Route.swift */; };
		4A6D428D2B749849009D8DB9 /* Navigator.swift in Sources */ = {isa = PBXBuildFile; fileRef = 4A6D42752B749849009D8DB9 /* Navigator.swift */; };
		4A6D428E2B749849009D8DB9 /* HexCodeColor.swift in Sources */ = {isa = PBXBuildFile; fileRef = 4A6D42762B749849009D8DB9 /* HexCodeColor.swift */; };
		4A6D42DA2B749CAA009D8DB9 /* LoadingView.swift in Sources */ = {isa = PBXBuildFile; fileRef = 4A6D42D92B749CAA009D8DB9 /* LoadingView.swift */; };
		4A6D42DC2B749CB2009D8DB9 /* LoadingView.xib in Resources */ = {isa = PBXBuildFile; fileRef = 4A6D42DB2B749CB2009D8DB9 /* LoadingView.xib */; };
		4A6D439F2B74B136009D8DB9 /* Assets.xcassets in Resources */ = {isa = PBXBuildFile; fileRef = 4A6D439E2B74B136009D8DB9 /* Assets.xcassets */; };
		4A6D43A92B74B77B009D8DB9 /* Extension+UIImageView.swift in Sources */ = {isa = PBXBuildFile; fileRef = 4A6D43A82B74B77B009D8DB9 /* Extension+UIImageView.swift */; };
		82A54ED3C6E82DC1AE84E76A /* Pods_Cores.framework in Frameworks */ = {isa = PBXBuildFile; fileRef = 673175FA247FB83D0FC33A80 /* Pods_Cores.framework */; };
/* End PBXBuildFile section */

/* Begin PBXFileReference section */
		4A6D42462B749775009D8DB9 /* Cores.framework */ = {isa = PBXFileReference; explicitFileType = wrapper.framework; includeInIndex = 0; path = Cores.framework; sourceTree = BUILT_PRODUCTS_DIR; };
		4A6D42492B749775009D8DB9 /* Cores.h */ = {isa = PBXFileReference; lastKnownFileType = sourcecode.c.h; path = Cores.h; sourceTree = "<group>"; };
		4A6D424A2B749775009D8DB9 /* Cores.docc */ = {isa = PBXFileReference; lastKnownFileType = folder.documentationcatalog; path = Cores.docc; sourceTree = "<group>"; };
		4A6D42532B749849009D8DB9 /* BaseViewController.swift */ = {isa = PBXFileReference; fileEncoding = 4; lastKnownFileType = sourcecode.swift; path = BaseViewController.swift; sourceTree = "<group>"; };
		4A6D42542B749849009D8DB9 /* BaseViewModel.swift */ = {isa = PBXFileReference; fileEncoding = 4; lastKnownFileType = sourcecode.swift; path = BaseViewModel.swift; sourceTree = "<group>"; };
		4A6D42552B749849009D8DB9 /* BaseService.swift */ = {isa = PBXFileReference; fileEncoding = 4; lastKnownFileType = sourcecode.swift; path = BaseService.swift; sourceTree = "<group>"; };
		4A6D42582B749849009D8DB9 /* LoanRepository.swift */ = {isa = PBXFileReference; fileEncoding = 4; lastKnownFileType = sourcecode.swift; path = LoanRepository.swift; sourceTree = "<group>"; };
		4A6D425B2B749849009D8DB9 /* LoanData.swift */ = {isa = PBXFileReference; fileEncoding = 4; lastKnownFileType = sourcecode.swift; path = LoanData.swift; sourceTree = "<group>"; };
		4A6D425C2B749849009D8DB9 /* LoanService.swift */ = {isa = PBXFileReference; fileEncoding = 4; lastKnownFileType = sourcecode.swift; path = LoanService.swift; sourceTree = "<group>"; };
		4A6D425F2B749849009D8DB9 /* HomeInteractor.swift */ = {isa = PBXFileReference; fileEncoding = 4; lastKnownFileType = sourcecode.swift; path = HomeInteractor.swift; sourceTree = "<group>"; };
		4A6D42612B749849009D8DB9 /* ChipItem.swift */ = {isa = PBXFileReference; fileEncoding = 4; lastKnownFileType = sourcecode.swift; path = ChipItem.swift; sourceTree = "<group>"; };
		4A6D42622B749849009D8DB9 /* Loan.swift */ = {isa = PBXFileReference; fileEncoding = 4; lastKnownFileType = sourcecode.swift; path = Loan.swift; sourceTree = "<group>"; };
		4A6D42642B749849009D8DB9 /* FontEnum.swift */ = {isa = PBXFileReference; fileEncoding = 4; lastKnownFileType = sourcecode.swift; path = FontEnum.swift; sourceTree = "<group>"; };
		4A6D42652B749849009D8DB9 /* IntTypeEnum.swift */ = {isa = PBXFileReference; fileEncoding = 4; lastKnownFileType = sourcecode.swift; path = IntTypeEnum.swift; sourceTree = "<group>"; };
		4A6D42662B749849009D8DB9 /* ColorEnum.swift */ = {isa = PBXFileReference; fileEncoding = 4; lastKnownFileType = sourcecode.swift; path = ColorEnum.swift; sourceTree = "<group>"; };
		4A6D42672B749849009D8DB9 /* APIEndpointEnum.swift */ = {isa = PBXFileReference; fileEncoding = 4; lastKnownFileType = sourcecode.swift; path = APIEndpointEnum.swift; sourceTree = "<group>"; };
		4A6D42682B749849009D8DB9 /* WordingEnum.swift */ = {isa = PBXFileReference; fileEncoding = 4; lastKnownFileType = sourcecode.swift; path = WordingEnum.swift; sourceTree = "<group>"; };
		4A6D426A2B749849009D8DB9 /* Logger.swift */ = {isa = PBXFileReference; fileEncoding = 4; lastKnownFileType = sourcecode.swift; path = Logger.swift; sourceTree = "<group>"; };
		4A6D426C2B749849009D8DB9 /* Extension+Double.swift */ = {isa = PBXFileReference; fileEncoding = 4; lastKnownFileType = sourcecode.swift; path = "Extension+Double.swift"; sourceTree = "<group>"; };
		4A6D426D2B749849009D8DB9 /* Extension+Int.swift */ = {isa = PBXFileReference; fileEncoding = 4; lastKnownFileType = sourcecode.swift; path = "Extension+Int.swift"; sourceTree = "<group>"; };
		4A6D426E2B749849009D8DB9 /* BuildIdentifier.swift */ = {isa = PBXFileReference; fileEncoding = 4; lastKnownFileType = sourcecode.swift; path = BuildIdentifier.swift; sourceTree = "<group>"; };
		4A6D42702B749849009D8DB9 /* Number.swift */ = {isa = PBXFileReference; fileEncoding = 4; lastKnownFileType = sourcecode.swift; path = Number.swift; sourceTree = "<group>"; };
		4A6D42712B749849009D8DB9 /* DateTime.swift */ = {isa = PBXFileReference; fileEncoding = 4; lastKnownFileType = sourcecode.swift; path = DateTime.swift; sourceTree = "<group>"; };
		4A6D42732B749849009D8DB9 /* RouterProtocol.swift */ = {isa = PBXFileReference; fileEncoding = 4; lastKnownFileType = sourcecode.swift; path = RouterProtocol.swift; sourceTree = "<group>"; };
		4A6D42742B749849009D8DB9 /* Route.swift */ = {isa = PBXFileReference; fileEncoding = 4; lastKnownFileType = sourcecode.swift; path = Route.swift; sourceTree = "<group>"; };
		4A6D42752B749849009D8DB9 /* Navigator.swift */ = {isa = PBXFileReference; fileEncoding = 4; lastKnownFileType = sourcecode.swift; path = Navigator.swift; sourceTree = "<group>"; };
		4A6D42762B749849009D8DB9 /* HexCodeColor.swift */ = {isa = PBXFileReference; fileEncoding = 4; lastKnownFileType = sourcecode.swift; path = HexCodeColor.swift; sourceTree = "<group>"; };
		4A6D42D92B749CAA009D8DB9 /* LoadingView.swift */ = {isa = PBXFileReference; lastKnownFileType = sourcecode.swift; path = LoadingView.swift; sourceTree = "<group>"; };
		4A6D42DB2B749CB2009D8DB9 /* LoadingView.xib */ = {isa = PBXFileReference; lastKnownFileType = file.xib; path = LoadingView.xib; sourceTree = "<group>"; };
		4A6D439E2B74B136009D8DB9 /* Assets.xcassets */ = {isa = PBXFileReference; lastKnownFileType = folder.assetcatalog; path = Assets.xcassets; sourceTree = "<group>"; };
		4A6D43A82B74B77B009D8DB9 /* Extension+UIImageView.swift */ = {isa = PBXFileReference; lastKnownFileType = sourcecode.swift; path = "Extension+UIImageView.swift"; sourceTree = "<group>"; };
		673175FA247FB83D0FC33A80 /* Pods_Cores.framework */ = {isa = PBXFileReference; explicitFileType = wrapper.framework; includeInIndex = 0; path = Pods_Cores.framework; sourceTree = BUILT_PRODUCTS_DIR; };
		69DEDE050382F75BA42F86ED /* Pods-Cores.debug.xcconfig */ = {isa = PBXFileReference; includeInIndex = 1; lastKnownFileType = text.xcconfig; name = "Pods-Cores.debug.xcconfig"; path = "Target Support Files/Pods-Cores/Pods-Cores.debug.xcconfig"; sourceTree = "<group>"; };
		CF1C8A397A9E93F06FA6784A /* Pods-Cores.release.xcconfig */ = {isa = PBXFileReference; includeInIndex = 1; lastKnownFileType = text.xcconfig; name = "Pods-Cores.release.xcconfig"; path = "Target Support Files/Pods-Cores/Pods-Cores.release.xcconfig"; sourceTree = "<group>"; };
/* End PBXFileReference section */

/* Begin PBXFrameworksBuildPhase section */
		4A6D42432B749775009D8DB9 /* Frameworks */ = {
			isa = PBXFrameworksBuildPhase;
			buildActionMask = 2147483647;
			files = (
				82A54ED3C6E82DC1AE84E76A /* Pods_Cores.framework in Frameworks */,
			);
			runOnlyForDeploymentPostprocessing = 0;
		};
/* End PBXFrameworksBuildPhase section */

/* Begin PBXGroup section */
		4A6D423C2B749775009D8DB9 = {
			isa = PBXGroup;
			children = (
				4A6D42482B749775009D8DB9 /* Cores */,
				4A6D42472B749775009D8DB9 /* Products */,
				C1BF21BAA0B2F92EF3D9B2B7 /* Pods */,
				5CC41B0065018073DEDB1895 /* Frameworks */,
			);
			sourceTree = "<group>";
		};
		4A6D42472B749775009D8DB9 /* Products */ = {
			isa = PBXGroup;
			children = (
				4A6D42462B749775009D8DB9 /* Cores.framework */,
			);
			name = Products;
			sourceTree = "<group>";
		};
		4A6D42482B749775009D8DB9 /* Cores */ = {
			isa = PBXGroup;
			children = (
				4A6D439E2B74B136009D8DB9 /* Assets.xcassets */,
				4A6D42522B749849009D8DB9 /* Base */,
				4A6D42562B749849009D8DB9 /* Data */,
				4A6D425D2B749849009D8DB9 /* Domain */,
				4A6D42632B749849009D8DB9 /* Enum */,
				4A6D42D22B749C44009D8DB9 /* Components */,
				4A6D42692B749849009D8DB9 /* Utils */,
				4A6D42492B749775009D8DB9 /* Cores.h */,
				4A6D424A2B749775009D8DB9 /* Cores.docc */,
			);
			path = Cores;
			sourceTree = "<group>";
		};
		4A6D42522B749849009D8DB9 /* Base */ = {
			isa = PBXGroup;
			children = (
				4A6D42532B749849009D8DB9 /* BaseViewController.swift */,
				4A6D42542B749849009D8DB9 /* BaseViewModel.swift */,
				4A6D42552B749849009D8DB9 /* BaseService.swift */,
			);
			path = Base;
			sourceTree = "<group>";
		};
		4A6D42562B749849009D8DB9 /* Data */ = {
			isa = PBXGroup;
			children = (
				4A6D42572B749849009D8DB9 /* Repositories */,
				4A6D42592B749849009D8DB9 /* Services */,
			);
			path = Data;
			sourceTree = "<group>";
		};
		4A6D42572B749849009D8DB9 /* Repositories */ = {
			isa = PBXGroup;
			children = (
				4A6D42582B749849009D8DB9 /* LoanRepository.swift */,
			);
			path = Repositories;
			sourceTree = "<group>";
		};
		4A6D42592B749849009D8DB9 /* Services */ = {
			isa = PBXGroup;
			children = (
				4A6D425A2B749849009D8DB9 /* Response */,
				4A6D425C2B749849009D8DB9 /* LoanService.swift */,
			);
			path = Services;
			sourceTree = "<group>";
		};
		4A6D425A2B749849009D8DB9 /* Response */ = {
			isa = PBXGroup;
			children = (
				4A6D425B2B749849009D8DB9 /* LoanData.swift */,
			);
			path = Response;
			sourceTree = "<group>";
		};
		4A6D425D2B749849009D8DB9 /* Domain */ = {
			isa = PBXGroup;
			children = (
				4A6D425E2B749849009D8DB9 /* UseCase */,
				4A6D42602B749849009D8DB9 /* Entities */,
			);
			path = Domain;
			sourceTree = "<group>";
		};
		4A6D425E2B749849009D8DB9 /* UseCase */ = {
			isa = PBXGroup;
			children = (
				4A6D425F2B749849009D8DB9 /* HomeInteractor.swift */,
			);
			path = UseCase;
			sourceTree = "<group>";
		};
		4A6D42602B749849009D8DB9 /* Entities */ = {
			isa = PBXGroup;
			children = (
				4A6D42612B749849009D8DB9 /* ChipItem.swift */,
				4A6D42622B749849009D8DB9 /* Loan.swift */,
			);
			path = Entities;
			sourceTree = "<group>";
		};
		4A6D42632B749849009D8DB9 /* Enum */ = {
			isa = PBXGroup;
			children = (
				4A6D42642B749849009D8DB9 /* FontEnum.swift */,
				4A6D42652B749849009D8DB9 /* IntTypeEnum.swift */,
				4A6D42662B749849009D8DB9 /* ColorEnum.swift */,
				4A6D42672B749849009D8DB9 /* APIEndpointEnum.swift */,
				4A6D42682B749849009D8DB9 /* WordingEnum.swift */,
			);
			path = Enum;
			sourceTree = "<group>";
		};
		4A6D42692B749849009D8DB9 /* Utils */ = {
			isa = PBXGroup;
			children = (
				4A6D426F2B749849009D8DB9 /* Formatting */,
				4A6D42722B749849009D8DB9 /* Navigator */,
				4A6D426B2B749849009D8DB9 /* Extensions */,
				4A6D426A2B749849009D8DB9 /* Logger.swift */,
				4A6D426E2B749849009D8DB9 /* BuildIdentifier.swift */,
				4A6D42762B749849009D8DB9 /* HexCodeColor.swift */,
			);
			path = Utils;
			sourceTree = "<group>";
		};
		4A6D426B2B749849009D8DB9 /* Extensions */ = {
			isa = PBXGroup;
			children = (
				4A6D426C2B749849009D8DB9 /* Extension+Double.swift */,
				4A6D426D2B749849009D8DB9 /* Extension+Int.swift */,
				4A6D43A82B74B77B009D8DB9 /* Extension+UIImageView.swift */,
			);
			path = Extensions;
			sourceTree = "<group>";
		};
		4A6D426F2B749849009D8DB9 /* Formatting */ = {
			isa = PBXGroup;
			children = (
				4A6D42702B749849009D8DB9 /* Number.swift */,
				4A6D42712B749849009D8DB9 /* DateTime.swift */,
			);
			path = Formatting;
			sourceTree = "<group>";
		};
		4A6D42722B749849009D8DB9 /* Navigator */ = {
			isa = PBXGroup;
			children = (
				4A6D42732B749849009D8DB9 /* RouterProtocol.swift */,
				4A6D42742B749849009D8DB9 /* Route.swift */,
				4A6D42752B749849009D8DB9 /* Navigator.swift */,
			);
			path = Navigator;
			sourceTree = "<group>";
		};
		4A6D42D22B749C44009D8DB9 /* Components */ = {
			isa = PBXGroup;
			children = (
				4A6D42D82B749C9A009D8DB9 /* Loading */,
			);
			path = Components;
			sourceTree = "<group>";
		};
		4A6D42D82B749C9A009D8DB9 /* Loading */ = {
			isa = PBXGroup;
			children = (
				4A6D42D92B749CAA009D8DB9 /* LoadingView.swift */,
				4A6D42DB2B749CB2009D8DB9 /* LoadingView.xib */,
			);
			path = Loading;
			sourceTree = "<group>";
		};
		5CC41B0065018073DEDB1895 /* Frameworks */ = {
			isa = PBXGroup;
			children = (
				673175FA247FB83D0FC33A80 /* Pods_Cores.framework */,
			);
			name = Frameworks;
			sourceTree = "<group>";
		};
		C1BF21BAA0B2F92EF3D9B2B7 /* Pods */ = {
			isa = PBXGroup;
			children = (
				69DEDE050382F75BA42F86ED /* Pods-Cores.debug.xcconfig */,
				CF1C8A397A9E93F06FA6784A /* Pods-Cores.release.xcconfig */,
			);
			name = Pods;
			path = "../loan-management-app/Pods";
			sourceTree = "<group>";
		};
/* End PBXGroup section */

/* Begin PBXHeadersBuildPhase section */
		4A6D42412B749775009D8DB9 /* Headers */ = {
			isa = PBXHeadersBuildPhase;
			buildActionMask = 2147483647;
			files = (
				4A6D424C2B749775009D8DB9 /* Cores.h in Headers */,
			);
			runOnlyForDeploymentPostprocessing = 0;
		};
/* End PBXHeadersBuildPhase section */

/* Begin PBXNativeTarget section */
		4A6D42452B749775009D8DB9 /* Cores */ = {
			isa = PBXNativeTarget;
			buildConfigurationList = 4A6D424F2B749775009D8DB9 /* Build configuration list for PBXNativeTarget "Cores" */;
			buildPhases = (
				A7C7C18F7FFA527336B5DCAB /* [CP] Check Pods Manifest.lock */,
				4A6D42412B749775009D8DB9 /* Headers */,
				4A6D42422B749775009D8DB9 /* Sources */,
				4A6D42432B749775009D8DB9 /* Frameworks */,
				4A6D42442B749775009D8DB9 /* Resources */,
			);
			buildRules = (
			);
			dependencies = (
			);
			name = Cores;
			productName = Cores;
			productReference = 4A6D42462B749775009D8DB9 /* Cores.framework */;
			productType = "com.apple.product-type.framework";
		};
/* End PBXNativeTarget section */

/* Begin PBXProject section */
		4A6D423D2B749775009D8DB9 /* Project object */ = {
			isa = PBXProject;
			attributes = {
				BuildIndependentTargetsInParallel = 1;
				LastUpgradeCheck = 1510;
				TargetAttributes = {
					4A6D42452B749775009D8DB9 = {
						CreatedOnToolsVersion = 15.1;
					};
				};
			};
			buildConfigurationList = 4A6D42402B749775009D8DB9 /* Build configuration list for PBXProject "Cores" */;
			compatibilityVersion = "Xcode 14.0";
			developmentRegion = en;
			hasScannedForEncodings = 0;
			knownRegions = (
				en,
				Base,
			);
			mainGroup = 4A6D423C2B749775009D8DB9;
			productRefGroup = 4A6D42472B749775009D8DB9 /* Products */;
			projectDirPath = "";
			projectRoot = "";
			targets = (
				4A6D42452B749775009D8DB9 /* Cores */,
			);
		};
/* End PBXProject section */

/* Begin PBXResourcesBuildPhase section */
		4A6D42442B749775009D8DB9 /* Resources */ = {
			isa = PBXResourcesBuildPhase;
			buildActionMask = 2147483647;
			files = (
				4A6D439F2B74B136009D8DB9 /* Assets.xcassets in Resources */,
				4A6D42DC2B749CB2009D8DB9 /* LoadingView.xib in Resources */,
			);
			runOnlyForDeploymentPostprocessing = 0;
		};
/* End PBXResourcesBuildPhase section */

/* Begin PBXShellScriptBuildPhase section */
		A7C7C18F7FFA527336B5DCAB /* [CP] Check Pods Manifest.lock */ = {
			isa = PBXShellScriptBuildPhase;
			buildActionMask = 2147483647;
			files = (
			);
			inputFileListPaths = (
			);
			inputPaths = (
				"${PODS_PODFILE_DIR_PATH}/Podfile.lock",
				"${PODS_ROOT}/Manifest.lock",
			);
			name = "[CP] Check Pods Manifest.lock";
			outputFileListPaths = (
			);
			outputPaths = (
				"$(DERIVED_FILE_DIR)/Pods-Cores-checkManifestLockResult.txt",
			);
			runOnlyForDeploymentPostprocessing = 0;
			shellPath = /bin/sh;
			shellScript = "diff \"${PODS_PODFILE_DIR_PATH}/Podfile.lock\" \"${PODS_ROOT}/Manifest.lock\" > /dev/null\nif [ $? != 0 ] ; then\n    # print error to STDERR\n    echo \"error: The sandbox is not in sync with the Podfile.lock. Run 'pod install' or update your CocoaPods installation.\" >&2\n    exit 1\nfi\n# This output is used by Xcode 'outputs' to avoid re-running this script phase.\necho \"SUCCESS\" > \"${SCRIPT_OUTPUT_FILE_0}\"\n";
			showEnvVarsInLog = 0;
		};
/* End PBXShellScriptBuildPhase section */

/* Begin PBXSourcesBuildPhase section */
		4A6D42422B749775009D8DB9 /* Sources */ = {
			isa = PBXSourcesBuildPhase;
			buildActionMask = 2147483647;
			files = (
				4A6D42892B749849009D8DB9 /* Number.swift in Sources */,
				4A6D427E2B749849009D8DB9 /* ChipItem.swift in Sources */,
				4A6D427F2B749849009D8DB9 /* Loan.swift in Sources */,
				4A6D42792B749849009D8DB9 /* BaseService.swift in Sources */,
				4A6D42802B749849009D8DB9 /* FontEnum.swift in Sources */,
				4A6D428D2B749849009D8DB9 /* Navigator.swift in Sources */,
				4A6D42832B749849009D8DB9 /* APIEndpointEnum.swift in Sources */,
				4A6D424B2B749775009D8DB9 /* Cores.docc in Sources */,
				4A6D427A2B749849009D8DB9 /* LoanRepository.swift in Sources */,
				4A6D42852B749849009D8DB9 /* Logger.swift in Sources */,
				4A6D428C2B749849009D8DB9 /* Route.swift in Sources */,
				4A6D42DA2B749CAA009D8DB9 /* LoadingView.swift in Sources */,
				4A6D427D2B749849009D8DB9 /* HomeInteractor.swift in Sources */,
				4A6D428B2B749849009D8DB9 /* RouterProtocol.swift in Sources */,
				4A6D42772B749849009D8DB9 /* BaseViewController.swift in Sources */,
				4A6D427C2B749849009D8DB9 /* LoanService.swift in Sources */,
				4A6D42872B749849009D8DB9 /* Extension+Int.swift in Sources */,
				4A6D42782B749849009D8DB9 /* BaseViewModel.swift in Sources */,
				4A6D42842B749849009D8DB9 /* WordingEnum.swift in Sources */,
				4A6D42822B749849009D8DB9 /* ColorEnum.swift in Sources */,
				4A6D42812B749849009D8DB9 /* IntTypeEnum.swift in Sources */,
				4A6D42882B749849009D8DB9 /* BuildIdentifier.swift in Sources */,
				4A6D43A92B74B77B009D8DB9 /* Extension+UIImageView.swift in Sources */,
				4A6D428E2B749849009D8DB9 /* HexCodeColor.swift in Sources */,
				4A6D42862B749849009D8DB9 /* Extension+Double.swift in Sources */,
				4A6D428A2B749849009D8DB9 /* DateTime.swift in Sources */,
				4A6D427B2B749849009D8DB9 /* LoanData.swift in Sources */,
			);
			runOnlyForDeploymentPostprocessing = 0;
		};
/* End PBXSourcesBuildPhase section */

/* Begin XCBuildConfiguration section */
		4A6D424D2B749775009D8DB9 /* Debug */ = {
			isa = XCBuildConfiguration;
			buildSettings = {
				ALWAYS_SEARCH_USER_PATHS = NO;
				ASSETCATALOG_COMPILER_GENERATE_SWIFT_ASSET_SYMBOL_EXTENSIONS = YES;
				CLANG_ANALYZER_NONNULL = YES;
				CLANG_ANALYZER_NUMBER_OBJECT_CONVERSION = YES_AGGRESSIVE;
				CLANG_CXX_LANGUAGE_STANDARD = "gnu++20";
				CLANG_ENABLE_MODULES = YES;
				CLANG_ENABLE_OBJC_ARC = YES;
				CLANG_ENABLE_OBJC_WEAK = YES;
				CLANG_WARN_BLOCK_CAPTURE_AUTORELEASING = YES;
				CLANG_WARN_BOOL_CONVERSION = YES;
				CLANG_WARN_COMMA = YES;
				CLANG_WARN_CONSTANT_CONVERSION = YES;
				CLANG_WARN_DEPRECATED_OBJC_IMPLEMENTATIONS = YES;
				CLANG_WARN_DIRECT_OBJC_ISA_USAGE = YES_ERROR;
				CLANG_WARN_DOCUMENTATION_COMMENTS = YES;
				CLANG_WARN_EMPTY_BODY = YES;
				CLANG_WARN_ENUM_CONVERSION = YES;
				CLANG_WARN_INFINITE_RECURSION = YES;
				CLANG_WARN_INT_CONVERSION = YES;
				CLANG_WARN_NON_LITERAL_NULL_CONVERSION = YES;
				CLANG_WARN_OBJC_IMPLICIT_RETAIN_SELF = YES;
				CLANG_WARN_OBJC_LITERAL_CONVERSION = YES;
				CLANG_WARN_OBJC_ROOT_CLASS = YES_ERROR;
				CLANG_WARN_QUOTED_INCLUDE_IN_FRAMEWORK_HEADER = YES;
				CLANG_WARN_RANGE_LOOP_ANALYSIS = YES;
				CLANG_WARN_STRICT_PROTOTYPES = YES;
				CLANG_WARN_SUSPICIOUS_MOVE = YES;
				CLANG_WARN_UNGUARDED_AVAILABILITY = YES_AGGRESSIVE;
				CLANG_WARN_UNREACHABLE_CODE = YES;
				CLANG_WARN__DUPLICATE_METHOD_MATCH = YES;
				COPY_PHASE_STRIP = NO;
				CURRENT_PROJECT_VERSION = 1;
				DEBUG_INFORMATION_FORMAT = dwarf;
				ENABLE_STRICT_OBJC_MSGSEND = YES;
				ENABLE_TESTABILITY = YES;
				ENABLE_USER_SCRIPT_SANDBOXING = YES;
				GCC_C_LANGUAGE_STANDARD = gnu17;
				GCC_DYNAMIC_NO_PIC = NO;
				GCC_NO_COMMON_BLOCKS = YES;
				GCC_OPTIMIZATION_LEVEL = 0;
				GCC_PREPROCESSOR_DEFINITIONS = (
					"DEBUG=1",
					"$(inherited)",
				);
				GCC_WARN_64_TO_32_BIT_CONVERSION = YES;
				GCC_WARN_ABOUT_RETURN_TYPE = YES_ERROR;
				GCC_WARN_UNDECLARED_SELECTOR = YES;
				GCC_WARN_UNINITIALIZED_AUTOS = YES_AGGRESSIVE;
				GCC_WARN_UNUSED_FUNCTION = YES;
				GCC_WARN_UNUSED_VARIABLE = YES;
				IPHONEOS_DEPLOYMENT_TARGET = 17.2;
				LOCALIZATION_PREFERS_STRING_CATALOGS = YES;
				MTL_ENABLE_DEBUG_INFO = INCLUDE_SOURCE;
				MTL_FAST_MATH = YES;
				ONLY_ACTIVE_ARCH = YES;
				SDKROOT = iphoneos;
				SWIFT_ACTIVE_COMPILATION_CONDITIONS = "DEBUG $(inherited)";
				SWIFT_OPTIMIZATION_LEVEL = "-Onone";
				VERSIONING_SYSTEM = "apple-generic";
				VERSION_INFO_PREFIX = "";
			};
			name = Debug;
		};
		4A6D424E2B749775009D8DB9 /* Release */ = {
			isa = XCBuildConfiguration;
			buildSettings = {
				ALWAYS_SEARCH_USER_PATHS = NO;
				ASSETCATALOG_COMPILER_GENERATE_SWIFT_ASSET_SYMBOL_EXTENSIONS = YES;
				CLANG_ANALYZER_NONNULL = YES;
				CLANG_ANALYZER_NUMBER_OBJECT_CONVERSION = YES_AGGRESSIVE;
				CLANG_CXX_LANGUAGE_STANDARD = "gnu++20";
				CLANG_ENABLE_MODULES = YES;
				CLANG_ENABLE_OBJC_ARC = YES;
				CLANG_ENABLE_OBJC_WEAK = YES;
				CLANG_WARN_BLOCK_CAPTURE_AUTORELEASING = YES;
				CLANG_WARN_BOOL_CONVERSION = YES;
				CLANG_WARN_COMMA = YES;
				CLANG_WARN_CONSTANT_CONVERSION = YES;
				CLANG_WARN_DEPRECATED_OBJC_IMPLEMENTATIONS = YES;
				CLANG_WARN_DIRECT_OBJC_ISA_USAGE = YES_ERROR;
				CLANG_WARN_DOCUMENTATION_COMMENTS = YES;
				CLANG_WARN_EMPTY_BODY = YES;
				CLANG_WARN_ENUM_CONVERSION = YES;
				CLANG_WARN_INFINITE_RECURSION = YES;
				CLANG_WARN_INT_CONVERSION = YES;
				CLANG_WARN_NON_LITERAL_NULL_CONVERSION = YES;
				CLANG_WARN_OBJC_IMPLICIT_RETAIN_SELF = YES;
				CLANG_WARN_OBJC_LITERAL_CONVERSION = YES;
				CLANG_WARN_OBJC_ROOT_CLASS = YES_ERROR;
				CLANG_WARN_QUOTED_INCLUDE_IN_FRAMEWORK_HEADER = YES;
				CLANG_WARN_RANGE_LOOP_ANALYSIS = YES;
				CLANG_WARN_STRICT_PROTOTYPES = YES;
				CLANG_WARN_SUSPICIOUS_MOVE = YES;
				CLANG_WARN_UNGUARDED_AVAILABILITY = YES_AGGRESSIVE;
				CLANG_WARN_UNREACHABLE_CODE = YES;
				CLANG_WARN__DUPLICATE_METHOD_MATCH = YES;
				COPY_PHASE_STRIP = NO;
				CURRENT_PROJECT_VERSION = 1;
				DEBUG_INFORMATION_FORMAT = "dwarf-with-dsym";
				ENABLE_NS_ASSERTIONS = NO;
				ENABLE_STRICT_OBJC_MSGSEND = YES;
				ENABLE_USER_SCRIPT_SANDBOXING = YES;
				GCC_C_LANGUAGE_STANDARD = gnu17;
				GCC_NO_COMMON_BLOCKS = YES;
				GCC_WARN_64_TO_32_BIT_CONVERSION = YES;
				GCC_WARN_ABOUT_RETURN_TYPE = YES_ERROR;
				GCC_WARN_UNDECLARED_SELECTOR = YES;
				GCC_WARN_UNINITIALIZED_AUTOS = YES_AGGRESSIVE;
				GCC_WARN_UNUSED_FUNCTION = YES;
				GCC_WARN_UNUSED_VARIABLE = YES;
				IPHONEOS_DEPLOYMENT_TARGET = 17.2;
				LOCALIZATION_PREFERS_STRING_CATALOGS = YES;
				MTL_ENABLE_DEBUG_INFO = NO;
				MTL_FAST_MATH = YES;
				SDKROOT = iphoneos;
				SWIFT_COMPILATION_MODE = wholemodule;
				VALIDATE_PRODUCT = YES;
				VERSIONING_SYSTEM = "apple-generic";
				VERSION_INFO_PREFIX = "";
			};
			name = Release;
		};
		4A6D42502B749775009D8DB9 /* Debug */ = {
			isa = XCBuildConfiguration;
			baseConfigurationReference = 69DEDE050382F75BA42F86ED /* Pods-Cores.debug.xcconfig */;
			buildSettings = {
				CODE_SIGN_STYLE = Automatic;
				CURRENT_PROJECT_VERSION = 1;
				DEFINES_MODULE = YES;
				DYLIB_COMPATIBILITY_VERSION = 1;
				DYLIB_CURRENT_VERSION = 1;
				DYLIB_INSTALL_NAME_BASE = "@rpath";
				ENABLE_MODULE_VERIFIER = YES;
				GENERATE_INFOPLIST_FILE = YES;
				INFOPLIST_KEY_NSHumanReadableCopyright = "";
				INSTALL_PATH = "$(LOCAL_LIBRARY_DIR)/Frameworks";
				IPHONEOS_DEPLOYMENT_TARGET = 13.0;
				LD_RUNPATH_SEARCH_PATHS = (
					"$(inherited)",
					"@executable_path/Frameworks",
					"@loader_path/Frameworks",
				);
				MARKETING_VERSION = 1.0;
				MODULE_VERIFIER_SUPPORTED_LANGUAGES = "objective-c objective-c++";
				MODULE_VERIFIER_SUPPORTED_LANGUAGE_STANDARDS = "gnu17 gnu++20";
				PRODUCT_BUNDLE_IDENTIFIER = com.xyz.Cores;
				PRODUCT_NAME = "$(TARGET_NAME:c99extidentifier)";
				SKIP_INSTALL = YES;
				SWIFT_EMIT_LOC_STRINGS = YES;
				SWIFT_VERSION = 5.0;
				TARGETED_DEVICE_FAMILY = "1,2";
			};
			name = Debug;
		};
		4A6D42512B749775009D8DB9 /* Release */ = {
			isa = XCBuildConfiguration;
			baseConfigurationReference = CF1C8A397A9E93F06FA6784A /* Pods-Cores.release.xcconfig */;
			buildSettings = {
				CODE_SIGN_STYLE = Automatic;
				CURRENT_PROJECT_VERSION = 1;
				DEFINES_MODULE = YES;
				DYLIB_COMPATIBILITY_VERSION = 1;
				DYLIB_CURRENT_VERSION = 1;
				DYLIB_INSTALL_NAME_BASE = "@rpath";
				ENABLE_MODULE_VERIFIER = YES;
				GENERATE_INFOPLIST_FILE = YES;
				INFOPLIST_KEY_NSHumanReadableCopyright = "";
				INSTALL_PATH = "$(LOCAL_LIBRARY_DIR)/Frameworks";
				IPHONEOS_DEPLOYMENT_TARGET = 13.0;
				LD_RUNPATH_SEARCH_PATHS = (
					"$(inherited)",
					"@executable_path/Frameworks",
					"@loader_path/Frameworks",
				);
				MARKETING_VERSION = 1.0;
				MODULE_VERIFIER_SUPPORTED_LANGUAGES = "objective-c objective-c++";
				MODULE_VERIFIER_SUPPORTED_LANGUAGE_STANDARDS = "gnu17 gnu++20";
				PRODUCT_BUNDLE_IDENTIFIER = com.xyz.Cores;
				PRODUCT_NAME = "$(TARGET_NAME:c99extidentifier)";
				SKIP_INSTALL = YES;
				SWIFT_EMIT_LOC_STRINGS = YES;
				SWIFT_VERSION = 5.0;
				TARGETED_DEVICE_FAMILY = "1,2";
			};
			name = Release;
		};
/* End XCBuildConfiguration section */

/* Begin XCConfigurationList section */
		4A6D42402B749775009D8DB9 /* Build configuration list for PBXProject "Cores" */ = {
			isa = XCConfigurationList;
			buildConfigurations = (
				4A6D424D2B749775009D8DB9 /* Debug */,
				4A6D424E2B749775009D8DB9 /* Release */,
			);
			defaultConfigurationIsVisible = 0;
			defaultConfigurationName = Release;
		};
		4A6D424F2B749775009D8DB9 /* Build configuration list for PBXNativeTarget "Cores" */ = {
			isa = XCConfigurationList;
			buildConfigurations = (
				4A6D42502B749775009D8DB9 /* Debug */,
				4A6D42512B749775009D8DB9 /* Release */,
			);
			defaultConfigurationIsVisible = 0;
			defaultConfigurationName = Release;
		};
/* End XCConfigurationList section */
	};
	rootObject = 4A6D423D2B749775009D8DB9 /* Project object */;
}
